<?xml version="1.0" encoding="utf-8"?>
<Project ToolsVersion="4.0" xmlns="http://schemas.microsoft.com/developer/msbuild/2003">
  <ItemGroup>
    <Filter Include="Main">
      <UniqueIdentifier>{93995380-89BD-4b04-88EB-625FBE52EBFB}</UniqueIdentifier>
      <Extensions>h;hh;hpp;hxx;h++;hm;inl;inc;ipp;xsd</Extensions>
    </Filter>
    <Filter Include="Network">
      <UniqueIdentifier>{4FC737F1-C7A5-4376-A066-2A32D752A2FF}</UniqueIdentifier>
      <Extensions>cpp;c;cc;cxx;c++;cppm;ixx;def;odl;idl;hpj;bat;asm;asmx</Extensions>
    </Filter>
    <Filter Include="ClientControl">
      <UniqueIdentifier>{67DA6AB6-F800-4c08-8B7A-83BB121AAD01}</UniqueIdentifier>
      <Extensions>rc;ico;cur;bmp;dlg;rc2;rct;bin;rgs;gif;jpg;jpeg;jpe;resx;tiff;tif;png;wav;mfcribbon-ms</Extensions>
    </Filter>
    <Filter Include="Include">
      <UniqueIdentifier>{e6bc9f78-aac8-417d-9097-5729eccd28f3}</UniqueIdentifier>
    </Filter>
  </ItemGroup>
  <ItemGroup>
    <ClCompile Include="Main.cpp">
      <Filter>Main</Filter>
    </ClCompile>
    <ClCompile Include="ClientWorld.cpp">
      <Filter>Main</Filter>
    </ClCompile>
    <ClCompile Include="ClientConnection.cpp">
      <Filter>Network</Filter>
    </ClCompile>
    <ClCompile Include="ClientControl.cpp">
      <Filter>ClientControl</Filter>
    </ClCompile>
    <ClCompile Include="stdafx.cpp">
      <Filter>Main</Filter>
    </ClCompile>
    <ClCompile Include="ASAgent.cpp">
      <Filter>Network</Filter>
    </ClCompile>
  </ItemGroup>
  <ItemGroup>
    <ClInclude Include="ClientWorld.h">
      <Filter>Main</Filter>
    </ClInclude>
    <ClInclude Include="ClientConnection.h">
      <Filter>Network</Filter>
    </ClInclude>
    <ClInclude Include="ClientControl.h">
      <Filter>ClientControl</Filter>
    </ClInclude>
    <ClInclude Include="ClientInputDef.h">
      <Filter>ClientControl</Filter>
    </ClInclude>
    <ClInclude Include="ClientBase.h">
      <Filter>Include</Filter>
    </ClInclude>
    <ClInclude Include="stdafx.h">
      <Filter>Main</Filter>
    </ClInclude>
    <ClInclude Include="ASAgent.h">
      <Filter>Network</Filter>
    </ClInclude>
  </ItemGroup>
</Project>