
Microsoft Visual Studio Solution File, Format Version 12.00
# Visual Studio Version 16
VisualStudioVersion = 16.0.30907.101
MinimumVisualStudioVersion = 10.0.40219.1
Project("{8BC9CEB8-8B4A-11D0-8D11-00A0C91BC942}") = "Base", "Base\Base.vcxproj", "{4751BA22-D1CA-4100-BE94-A05F906456FF}"
EndProject
Project("{8BC9CEB8-8B4A-11D0-8D11-00A0C91BC942}") = "Client", "Client\Client.vcxproj", "{832DB8D1-4718-4861-9827-D877343ED2A4}"
	ProjectSection(ProjectDependencies) = postProject
		{4751BA22-D1CA-4100-BE94-A05F906456FF} = {4751BA22-D1CA-4100-BE94-A05F906456FF}
		{4DD51AA8-10BC-43BA-8D12-2C6B1E416CB1} = {4DD51AA8-10BC-43BA-8D12-2C6B1E416CB1}
	EndProjectSection
EndProject
Project("{8BC9CEB8-8B4A-11D0-8D11-00A0C91BC942}") = "ECS", "ECS\ECS.vcxproj", "{D56C5BEC-45A8-4B3C-8F2F-F24D721DDF88}"
	ProjectSection(ProjectDependencies) = postProject
		{4751BA22-D1CA-4100-BE94-A05F906456FF} = {4751BA22-D1CA-4100-BE94-A05F906456FF}
	EndProjectSection
EndProject
Project("{8BC9CEB8-8B4A-11D0-8D11-00A0C91BC942}") = "GamePlayBase", "GamePlayBase\GamePlayBase.vcxproj", "{4DD51AA8-10BC-43BA-8D12-2C6B1E416CB1}"
	ProjectSection(ProjectDependencies) = postProject
		{4751BA22-D1CA-4100-BE94-A05F906456FF} = {4751BA22-D1CA-4100-BE94-A05F906456FF}
		{D56C5BEC-45A8-4B3C-8F2F-F24D721DDF88} = {D56C5BEC-45A8-4B3C-8F2F-F24D721DDF88}
	EndProjectSection
EndProject
Project("{8BC9CEB8-8B4A-11D0-8D11-00A0C91BC942}") = "GateServer", "GateServer\GateServer.vcxproj", "{FEF571E1-4F6D-4044-91D1-E566198EC7A1}"
	ProjectSection(ProjectDependencies) = postProject
		{4751BA22-D1CA-4100-BE94-A05F906456FF} = {4751BA22-D1CA-4100-BE94-A05F906456FF}
		{D56C5BEC-45A8-4B3C-8F2F-F24D721DDF88} = {D56C5BEC-45A8-4B3C-8F2F-F24D721DDF88}
	EndProjectSection
EndProject
Project("{8BC9CEB8-8B4A-11D0-8D11-00A0C91BC942}") = "GameCenter", "GameCenter\GameCenter.vcxproj", "{FBCF65CC-7B5F-4714-955A-4BFECDF310E5}"
	ProjectSection(ProjectDependencies) = postProject
		{4751BA22-D1CA-4100-BE94-A05F906456FF} = {4751BA22-D1CA-4100-BE94-A05F906456FF}
		{D56C5BEC-45A8-4B3C-8F2F-F24D721DDF88} = {D56C5BEC-45A8-4B3C-8F2F-F24D721DDF88}
	EndProjectSection
EndProject
Project("{8BC9CEB8-8B4A-11D0-8D11-00A0C91BC942}") = "RouterServer", "RouterServer\RouterServer.vcxproj", "{6AF5C287-13FF-44FA-B273-7C1112EF804E}"
	ProjectSection(ProjectDependencies) = postProject
		{4751BA22-D1CA-4100-BE94-A05F906456FF} = {4751BA22-D1CA-4100-BE94-A05F906456FF}
		{D56C5BEC-45A8-4B3C-8F2F-F24D721DDF88} = {D56C5BEC-45A8-4B3C-8F2F-F24D721DDF88}
	EndProjectSection
EndProject
Project("{8BC9CEB8-8B4A-11D0-8D11-00A0C91BC942}") = "AccountServer", "AccountServer\AccountServer.vcxproj", "{0A9C6A1F-90A9-40B8-98BB-0E1CAD429B65}"
EndProject
Project("{8BC9CEB8-8B4A-11D0-8D11-00A0C91BC942}") = "GameServer", "GameServer\GameServer.vcxproj", "{502BFD2A-C2F2-4A95-942F-AD60044704EC}"
	ProjectSection(ProjectDependencies) = postProject
		{4751BA22-D1CA-4100-BE94-A05F906456FF} = {4751BA22-D1CA-4100-BE94-A05F906456FF}
		{4DD51AA8-10BC-43BA-8D12-2C6B1E416CB1} = {4DD51AA8-10BC-43BA-8D12-2C6B1E416CB1}
		{D56C5BEC-45A8-4B3C-8F2F-F24D721DDF88} = {D56C5BEC-45A8-4B3C-8F2F-F24D721DDF88}
	EndProjectSection
EndProject
Global
	GlobalSection(SolutionConfigurationPlatforms) = preSolution
		Debug_Client|x64 = Debug_Client|x64
		Debug_Client|x86 = Debug_Client|x86
		Debug_Server|x64 = Debug_Server|x64
		Debug_Server|x86 = Debug_Server|x86
		Debug|x64 = Debug|x64
		Debug|x86 = Debug|x86
		Release|x64 = Release|x64
		Release|x86 = Release|x86
	EndGlobalSection
	GlobalSection(ProjectConfigurationPlatforms) = postSolution
		{4751BA22-D1CA-4100-BE94-A05F906456FF}.Debug_Client|x64.ActiveCfg = Debug_Client|x64
		{4751BA22-D1CA-4100-BE94-A05F906456FF}.Debug_Client|x64.Build.0 = Debug_Client|x64
		{4751BA22-D1CA-4100-BE94-A05F906456FF}.Debug_Client|x86.ActiveCfg = Debug_Client|x64
		{4751BA22-D1CA-4100-BE94-A05F906456FF}.Debug_Server|x64.ActiveCfg = Debug_Server|x64
		{4751BA22-D1CA-4100-BE94-A05F906456FF}.Debug_Server|x64.Build.0 = Debug_Server|x64
		{4751BA22-D1CA-4100-BE94-A05F906456FF}.Debug_Server|x86.ActiveCfg = Debug_Server|x64
		{4751BA22-D1CA-4100-BE94-A05F906456FF}.Debug|x64.ActiveCfg = Debug_Server|x64
		{4751BA22-D1CA-4100-BE94-A05F906456FF}.Debug|x86.ActiveCfg = Debug_Server|x64
		{4751BA22-D1CA-4100-BE94-A05F906456FF}.Debug|x86.Build.0 = Debug_Server|x64
		{4751BA22-D1CA-4100-BE94-A05F906456FF}.Release|x64.ActiveCfg = Debug_Server|x64
		{4751BA22-D1CA-4100-BE94-A05F906456FF}.Release|x64.Build.0 = Debug_Server|x64
		{4751BA22-D1CA-4100-BE94-A05F906456FF}.Release|x86.ActiveCfg = Debug_Server|x64
		{4751BA22-D1CA-4100-BE94-A05F906456FF}.Release|x86.Build.0 = Debug_Server|x64
		{832DB8D1-4718-4861-9827-D877343ED2A4}.Debug_Client|x64.ActiveCfg = Debug_Client|x64
		{832DB8D1-4718-4861-9827-D877343ED2A4}.Debug_Client|x64.Build.0 = Debug_Client|x64
		{832DB8D1-4718-4861-9827-D877343ED2A4}.Debug_Client|x86.ActiveCfg = Debug_Client|x64
		{832DB8D1-4718-4861-9827-D877343ED2A4}.Debug_Server|x64.ActiveCfg = Debug_Client|x64
		{832DB8D1-4718-4861-9827-D877343ED2A4}.Debug_Server|x86.ActiveCfg = Debug_Client|x64
		{832DB8D1-4718-4861-9827-D877343ED2A4}.Debug_Server|x86.Build.0 = Debug_Client|x64
		{832DB8D1-4718-4861-9827-D877343ED2A4}.Debug|x64.ActiveCfg = Debug_Client|x64
		{832DB8D1-4718-4861-9827-D877343ED2A4}.Debug|x86.ActiveCfg = Debug_Client|x64
		{832DB8D1-4718-4861-9827-D877343ED2A4}.Debug|x86.Build.0 = Debug_Client|x64
		{832DB8D1-4718-4861-9827-D877343ED2A4}.Release|x64.ActiveCfg = Debug_Client|x64
		{832DB8D1-4718-4861-9827-D877343ED2A4}.Release|x64.Build.0 = Debug_Client|x64
		{832DB8D1-4718-4861-9827-D877343ED2A4}.Release|x86.ActiveCfg = Debug_Client|x64
		{832DB8D1-4718-4861-9827-D877343ED2A4}.Release|x86.Build.0 = Debug_Client|x64
		{D56C5BEC-45A8-4B3C-8F2F-F24D721DDF88}.Debug_Client|x64.ActiveCfg = Debug|x64
		{D56C5BEC-45A8-4B3C-8F2F-F24D721DDF88}.Debug_Client|x64.Build.0 = Debug|x64
		{D56C5BEC-45A8-4B3C-8F2F-F24D721DDF88}.Debug_Client|x86.ActiveCfg = Debug|Win32
		{D56C5BEC-45A8-4B3C-8F2F-F24D721DDF88}.Debug_Client|x86.Build.0 = Debug|Win32
		{D56C5BEC-45A8-4B3C-8F2F-F24D721DDF88}.Debug_Server|x64.ActiveCfg = Debug|x64
		{D56C5BEC-45A8-4B3C-8F2F-F24D721DDF88}.Debug_Server|x64.Build.0 = Debug|x64
		{D56C5BEC-45A8-4B3C-8F2F-F24D721DDF88}.Debug_Server|x86.ActiveCfg = Debug|Win32
		{D56C5BEC-45A8-4B3C-8F2F-F24D721DDF88}.Debug_Server|x86.Build.0 = Debug|Win32
		{D56C5BEC-45A8-4B3C-8F2F-F24D721DDF88}.Debug|x64.ActiveCfg = Debug|x64
		{D56C5BEC-45A8-4B3C-8F2F-F24D721DDF88}.Debug|x64.Build.0 = Debug|x64
		{D56C5BEC-45A8-4B3C-8F2F-F24D721DDF88}.Debug|x86.ActiveCfg = Debug|Win32
		{D56C5BEC-45A8-4B3C-8F2F-F24D721DDF88}.Debug|x86.Build.0 = Debug|Win32
		{D56C5BEC-45A8-4B3C-8F2F-F24D721DDF88}.Release|x64.ActiveCfg = Debug|x64
		{D56C5BEC-45A8-4B3C-8F2F-F24D721DDF88}.Release|x64.Build.0 = Debug|x64
		{D56C5BEC-45A8-4B3C-8F2F-F24D721DDF88}.Release|x86.ActiveCfg = Debug|Win32
		{D56C5BEC-45A8-4B3C-8F2F-F24D721DDF88}.Release|x86.Build.0 = Debug|Win32
		{4DD51AA8-10BC-43BA-8D12-2C6B1E416CB1}.Debug_Client|x64.ActiveCfg = Debug_Client|x64
		{4DD51AA8-10BC-43BA-8D12-2C6B1E416CB1}.Debug_Client|x64.Build.0 = Debug_Client|x64
		{4DD51AA8-10BC-43BA-8D12-2C6B1E416CB1}.Debug_Client|x86.ActiveCfg = Debug_Server|x64
		{4DD51AA8-10BC-43BA-8D12-2C6B1E416CB1}.Debug_Server|x64.ActiveCfg = Debug_Server|x64
		{4DD51AA8-10BC-43BA-8D12-2C6B1E416CB1}.Debug_Server|x64.Build.0 = Debug_Server|x64
		{4DD51AA8-10BC-43BA-8D12-2C6B1E416CB1}.Debug_Server|x86.ActiveCfg = Debug_Server|x64
		{4DD51AA8-10BC-43BA-8D12-2C6B1E416CB1}.Debug|x64.ActiveCfg = Debug_Server|x64
		{4DD51AA8-10BC-43BA-8D12-2C6B1E416CB1}.Debug|x86.ActiveCfg = Debug_Server|x64
		{4DD51AA8-10BC-43BA-8D12-2C6B1E416CB1}.Release|x64.ActiveCfg = Debug_Server|x64
		{4DD51AA8-10BC-43BA-8D12-2C6B1E416CB1}.Release|x64.Build.0 = Debug_Server|x64
		{4DD51AA8-10BC-43BA-8D12-2C6B1E416CB1}.Release|x86.ActiveCfg = Debug_Server|x64
		{4DD51AA8-10BC-43BA-8D12-2C6B1E416CB1}.Release|x86.Build.0 = Debug_Server|x64
		{FEF571E1-4F6D-4044-91D1-E566198EC7A1}.Debug_Client|x64.ActiveCfg = Debug_Server|x64
		{FEF571E1-4F6D-4044-91D1-E566198EC7A1}.Debug_Client|x86.ActiveCfg = Debug_Server|Win32
		{FEF571E1-4F6D-4044-91D1-E566198EC7A1}.Debug_Client|x86.Build.0 = Debug_Server|Win32
		{FEF571E1-4F6D-4044-91D1-E566198EC7A1}.Debug_Server|x64.ActiveCfg = Debug_Server|x64
		{FEF571E1-4F6D-4044-91D1-E566198EC7A1}.Debug_Server|x64.Build.0 = Debug_Server|x64
		{FEF571E1-4F6D-4044-91D1-E566198EC7A1}.Debug_Server|x86.ActiveCfg = Debug_Server|Win32
		{FEF571E1-4F6D-4044-91D1-E566198EC7A1}.Debug_Server|x86.Build.0 = Debug_Server|Win32
		{FEF571E1-4F6D-4044-91D1-E566198EC7A1}.Debug|x64.ActiveCfg = Debug_Server|x64
		{FEF571E1-4F6D-4044-91D1-E566198EC7A1}.Debug|x64.Build.0 = Debug_Server|x64
		{FEF571E1-4F6D-4044-91D1-E566198EC7A1}.Debug|x86.ActiveCfg = Debug_Server|Win32
		{FEF571E1-4F6D-4044-91D1-E566198EC7A1}.Debug|x86.Build.0 = Debug_Server|Win32
		{FEF571E1-4F6D-4044-91D1-E566198EC7A1}.Release|x64.ActiveCfg = Debug_Server|x64
		{FEF571E1-4F6D-4044-91D1-E566198EC7A1}.Release|x86.ActiveCfg = Debug_Server|Win32
		{FBCF65CC-7B5F-4714-955A-4BFECDF310E5}.Debug_Client|x64.ActiveCfg = Debug_Server|x64
		{FBCF65CC-7B5F-4714-955A-4BFECDF310E5}.Debug_Client|x86.ActiveCfg = Debug_Server|Win32
		{FBCF65CC-7B5F-4714-955A-4BFECDF310E5}.Debug_Client|x86.Build.0 = Debug_Server|Win32
		{FBCF65CC-7B5F-4714-955A-4BFECDF310E5}.Debug_Server|x64.ActiveCfg = Debug_Server|x64
		{FBCF65CC-7B5F-4714-955A-4BFECDF310E5}.Debug_Server|x64.Build.0 = Debug_Server|x64
		{FBCF65CC-7B5F-4714-955A-4BFECDF310E5}.Debug_Server|x86.ActiveCfg = Debug_Server|Win32
		{FBCF65CC-7B5F-4714-955A-4BFECDF310E5}.Debug_Server|x86.Build.0 = Debug_Server|Win32
		{FBCF65CC-7B5F-4714-955A-4BFECDF310E5}.Debug|x64.ActiveCfg = Debug_Server|x64
		{FBCF65CC-7B5F-4714-955A-4BFECDF310E5}.Debug|x64.Build.0 = Debug_Server|x64
		{FBCF65CC-7B5F-4714-955A-4BFECDF310E5}.Debug|x86.ActiveCfg = Debug_Server|Win32
		{FBCF65CC-7B5F-4714-955A-4BFECDF310E5}.Debug|x86.Build.0 = Debug_Server|Win32
		{FBCF65CC-7B5F-4714-955A-4BFECDF310E5}.Release|x64.ActiveCfg = Debug_Server|x64
		{FBCF65CC-7B5F-4714-955A-4BFECDF310E5}.Release|x86.ActiveCfg = Debug_Server|Win32
		{6AF5C287-13FF-44FA-B273-7C1112EF804E}.Debug_Client|x64.ActiveCfg = Debug_Server|x64
		{6AF5C287-13FF-44FA-B273-7C1112EF804E}.Debug_Client|x86.ActiveCfg = Debug_Server|Win32
		{6AF5C287-13FF-44FA-B273-7C1112EF804E}.Debug_Client|x86.Build.0 = Debug_Server|Win32
		{6AF5C287-13FF-44FA-B273-7C1112EF804E}.Debug_Server|x64.ActiveCfg = Debug_Server|x64
		{6AF5C287-13FF-44FA-B273-7C1112EF804E}.Debug_Server|x64.Build.0 = Debug_Server|x64
		{6AF5C287-13FF-44FA-B273-7C1112EF804E}.Debug_Server|x86.ActiveCfg = Debug_Server|Win32
		{6AF5C287-13FF-44FA-B273-7C1112EF804E}.Debug_Server|x86.Build.0 = Debug_Server|Win32
		{6AF5C287-13FF-44FA-B273-7C1112EF804E}.Debug|x64.ActiveCfg = Debug_Server|x64
		{6AF5C287-13FF-44FA-B273-7C1112EF804E}.Debug|x64.Build.0 = Debug_Server|x64
		{6AF5C287-13FF-44FA-B273-7C1112EF804E}.Debug|x86.ActiveCfg = Debug_Server|Win32
		{6AF5C287-13FF-44FA-B273-7C1112EF804E}.Debug|x86.Build.0 = Debug_Server|Win32
		{6AF5C287-13FF-44FA-B273-7C1112EF804E}.Release|x64.ActiveCfg = Debug_Server|x64
		{6AF5C287-13FF-44FA-B273-7C1112EF804E}.Release|x86.ActiveCfg = Debug_Server|Win32
		{0A9C6A1F-90A9-40B8-98BB-0E1CAD429B65}.Debug_Client|x64.ActiveCfg = Debug_Server|x64
		{0A9C6A1F-90A9-40B8-98BB-0E1CAD429B65}.Debug_Client|x86.ActiveCfg = Debug_Server|Win32
		{0A9C6A1F-90A9-40B8-98BB-0E1CAD429B65}.Debug_Client|x86.Build.0 = Debug_Server|Win32
		{0A9C6A1F-90A9-40B8-98BB-0E1CAD429B65}.Debug_Server|x64.ActiveCfg = Debug_Server|x64
		{0A9C6A1F-90A9-40B8-98BB-0E1CAD429B65}.Debug_Server|x64.Build.0 = Debug_Server|x64
		{0A9C6A1F-90A9-40B8-98BB-0E1CAD429B65}.Debug_Server|x86.ActiveCfg = Debug_Server|Win32
		{0A9C6A1F-90A9-40B8-98BB-0E1CAD429B65}.Debug_Server|x86.Build.0 = Debug_Server|Win32
		{0A9C6A1F-90A9-40B8-98BB-0E1CAD429B65}.Debug|x64.ActiveCfg = Debug_Server|x64
		{0A9C6A1F-90A9-40B8-98BB-0E1CAD429B65}.Debug|x64.Build.0 = Debug_Server|x64
		{0A9C6A1F-90A9-40B8-98BB-0E1CAD429B65}.Debug|x86.ActiveCfg = Debug_Server|Win32
		{0A9C6A1F-90A9-40B8-98BB-0E1CAD429B65}.Debug|x86.Build.0 = Debug_Server|Win32
		{0A9C6A1F-90A9-40B8-98BB-0E1CAD429B65}.Release|x64.ActiveCfg = Debug_Server|x64
		{0A9C6A1F-90A9-40B8-98BB-0E1CAD429B65}.Release|x86.ActiveCfg = Debug_Server|Win32
		{502BFD2A-C2F2-4A95-942F-AD60044704EC}.Debug_Client|x64.ActiveCfg = Debug_Server|x64
		{502BFD2A-C2F2-4A95-942F-AD60044704EC}.Debug_Client|x86.ActiveCfg = Debug_Server|Win32
		{502BFD2A-C2F2-4A95-942F-AD60044704EC}.Debug_Client|x86.Build.0 = Debug_Server|Win32
		{502BFD2A-C2F2-4A95-942F-AD60044704EC}.Debug_Server|x64.ActiveCfg = Debug_Server|x64
		{502BFD2A-C2F2-4A95-942F-AD60044704EC}.Debug_Server|x64.Build.0 = Debug_Server|x64
		{502BFD2A-C2F2-4A95-942F-AD60044704EC}.Debug_Server|x86.ActiveCfg = Debug_Server|Win32
		{502BFD2A-C2F2-4A95-942F-AD60044704EC}.Debug_Server|x86.Build.0 = Debug_Server|Win32
		{502BFD2A-C2F2-4A95-942F-AD60044704EC}.Debug|x64.ActiveCfg = Debug_Server|x64
		{502BFD2A-C2F2-4A95-942F-AD60044704EC}.Debug|x64.Build.0 = Debug_Server|x64
		{502BFD2A-C2F2-4A95-942F-AD60044704EC}.Debug|x86.ActiveCfg = Debug_Server|Win32
		{502BFD2A-C2F2-4A95-942F-AD60044704EC}.Debug|x86.Build.0 = Debug_Server|Win32
		{502BFD2A-C2F2-4A95-942F-AD60044704EC}.Release|x64.ActiveCfg = Debug_Server|x64
		{502BFD2A-C2F2-4A95-942F-AD60044704EC}.Release|x86.ActiveCfg = Debug_Server|Win32
	EndGlobalSection
	GlobalSection(SolutionProperties) = preSolution
		HideSolutionNode = FALSE
	EndGlobalSection
	GlobalSection(ExtensibilityGlobals) = postSolution
		SolutionGuid = {0E4D79D0-45DB-4B12-8C5A-5BBF02765A87}
	EndGlobalSection
EndGlobal
