<?xml version="1.0" encoding="utf-8"?>
<Project ToolsVersion="4.0" xmlns="http://schemas.microsoft.com/developer/msbuild/2003">
  <ItemGroup>
    <Filter Include="STL">
      <UniqueIdentifier>{93995380-89BD-4b04-88EB-625FBE52EBFB}</UniqueIdentifier>
      <Extensions>h;hh;hpp;hxx;h++;hm;inl;inc;ipp;xsd</Extensions>
    </Filter>
    <Filter Include="Network">
      <UniqueIdentifier>{75118805-3756-4c06-8e96-799289e9c74a}</UniqueIdentifier>
    </Filter>
    <Filter Include="Network\TcpClient">
      <UniqueIdentifier>{4FC737F1-C7A5-4376-A066-2A32D752A2FF}</UniqueIdentifier>
      <Extensions>cpp;c;cc;cxx;c++;cppm;ixx;def;odl;idl;hpj;bat;asm;asmx</Extensions>
    </Filter>
    <Filter Include="Network\TcpServer">
      <UniqueIdentifier>{67DA6AB6-F800-4c08-8B7A-83BB121AAD01}</UniqueIdentifier>
      <Extensions>rc;ico;cur;bmp;dlg;rc2;rct;bin;rgs;gif;jpg;jpeg;jpe;resx;tiff;tif;png;wav;mfcribbon-ms</Extensions>
    </Filter>
    <Filter Include="Engine">
      <UniqueIdentifier>{57bcedbd-45ce-460d-8248-34a9a19f870f}</UniqueIdentifier>
    </Filter>
    <Filter Include="Player">
      <UniqueIdentifier>{ed48b462-78f1-4889-b182-cd7752af4c75}</UniqueIdentifier>
    </Filter>
    <Filter Include="Network\KCPServer">
      <UniqueIdentifier>{ee4ebc5c-c836-4812-baa4-67f967bb033b}</UniqueIdentifier>
    </Filter>
    <Filter Include="Network\KCPClient">
      <UniqueIdentifier>{87c0123f-2871-4561-a8d9-5c009e0501a3}</UniqueIdentifier>
    </Filter>
    <Filter Include="Doc">
      <UniqueIdentifier>{90092e50-e0f0-4740-bd2e-bc145525cd36}</UniqueIdentifier>
    </Filter>
  </ItemGroup>
  <ItemGroup>
    <ClInclude Include="GlobalDef.h">
      <Filter>Engine</Filter>
    </ClInclude>
    <ClInclude Include="stdafx.h">
      <Filter>Engine</Filter>
    </ClInclude>
    <ClInclude Include="CodeStd.h">
      <Filter>Engine</Filter>
    </ClInclude>
    <ClInclude Include="TcpServer.h">
      <Filter>Network\TcpServer</Filter>
    </ClInclude>
    <ClInclude Include="TcpClient.h">
      <Filter>Network\TcpClient</Filter>
    </ClInclude>
    <ClInclude Include="MathStd.h">
      <Filter>Engine</Filter>
    </ClInclude>
    <ClInclude Include="NetworkBase.h">
      <Filter>Network</Filter>
    </ClInclude>
    <ClInclude Include="Protocol.h">
      <Filter>Network</Filter>
    </ClInclude>
    <ClInclude Include="CycleQueue.h">
      <Filter>STL</Filter>
    </ClInclude>
    <ClInclude Include="SplayTree.h">
      <Filter>STL</Filter>
    </ClInclude>
    <ClInclude Include="Player.h">
      <Filter>Player</Filter>
    </ClInclude>
    <ClInclude Include="KCPServer.h">
      <Filter>Network\KCPServer</Filter>
    </ClInclude>
    <ClInclude Include="KCPClient.h">
      <Filter>Network\KCPClient</Filter>
    </ClInclude>
    <ClInclude Include="JYVector.h">
      <Filter>STL</Filter>
    </ClInclude>
  </ItemGroup>
  <ItemGroup>
    <ClCompile Include="stdafx.cpp">
      <Filter>Engine</Filter>
    </ClCompile>
    <ClCompile Include="TcpServer.cpp">
      <Filter>Network\TcpServer</Filter>
    </ClCompile>
    <ClCompile Include="TcpClient.cpp">
      <Filter>Network\TcpClient</Filter>
    </ClCompile>
    <ClCompile Include="KCPServer.cpp">
      <Filter>Network\KCPServer</Filter>
    </ClCompile>
    <ClCompile Include="KCPClient.cpp">
      <Filter>Network\KCPClient</Filter>
    </ClCompile>
  </ItemGroup>
  <ItemGroup>
    <None Include="..\Doc\BaseFrame.drawio">
      <Filter>Doc</Filter>
    </None>
    <None Include="..\Doc\ECSFrame.drawio">
      <Filter>Doc</Filter>
    </None>
    <None Include="..\Doc\GameCenterFrame.drawio">
      <Filter>Doc</Filter>
    </None>
    <None Include="..\Doc\GameServerFrame.drawio">
      <Filter>Doc</Filter>
    </None>
    <None Include="..\Doc\GateFrame.drawio">
      <Filter>Doc</Filter>
    </None>
  </ItemGroup>
</Project>